
Microsoft Visual Studio Solution File, Format Version 12.00
# Visual Studio Version 16
VisualStudioVersion = 16.0.31729.503
MinimumVisualStudioVersion = 10.0.40219.1
Project("{FAE04EC0-301F-11D3-BF4B-00C04F79EFBC}") = "QuanLyHangHoa", "QuanLyHangHoa\QuanLyHangHoa.csproj", "{EE69F7B3-2264-42A0-9837-2B702366A86A}"
EndProject
Global
	GlobalSection(SolutionConfigurationPlatforms) = preSolution
		Debug|Any CPU = Debug|Any CPU
		Release|Any CPU = Release|Any CPU
	EndGlobalSection
	GlobalSection(ProjectConfigurationPlatforms) = postSolution
		{EE69F7B3-2264-42A0-9837-2B702366A86A}.Debug|Any CPU.ActiveCfg = Debug|Any CPU
		{EE69F7B3-2264-42A0-9837-2B702366A86A}.Debug|Any CPU.Build.0 = Debug|Any CPU
		{EE69F7B3-2264-42A0-9837-2B702366A86A}.Release|Any CPU.ActiveCfg = Release|Any CPU
		{EE69F7B3-2264-42A0-9837-2B702366A86A}.Release|Any CPU.Build.0 = Release|Any CPU
	EndGlobalSection
	GlobalSection(SolutionProperties) = preSolution
		HideSolutionNode = FALSE
	EndGlobalSection
	GlobalSection(ExtensibilityGlobals) = postSolution
		SolutionGuid = {C909A916-F433-4E21-887A-3F4C77886C53}
	EndGlobalSection
EndGlobal
